// !$*UTF8*$!
{
	archiveVersion = 1;
	classes = {
	};
	objectVersion = 55;
	objects = {

/* Begin PBXBuildFile section */
		CC8623A32850EA0900529927 /* ios_test_appApp.swift in Sources */ = {isa = PBXBuildFile; fileRef = CC8623A22850EA0900529927 /* ios_test_appApp.swift */; };
		CC8623A52850EA0900529927 /* ContentView.swift in Sources */ = {isa = PBXBuildFile; fileRef = CC8623A42850EA0900529927 /* ContentView.swift */; };
		CC8623A72850EA0B00529927 /* Assets.xcassets in Resources */ = {isa = PBXBuildFile; fileRef = CC8623A62850EA0B00529927 /* Assets.xcassets */; };
		CC8623AA2850EA0B00529927 /* Preview Assets.xcassets in Resources */ = {isa = PBXBuildFile; fileRef = CC8623A92850EA0B00529927 /* Preview Assets.xcassets */; };
		CC8623B42850EA0B00529927 /* ios_test_appTests.swift in Sources */ = {isa = PBXBuildFile; fileRef = CC8623B32850EA0B00529927 /* ios_test_appTests.swift */; };
		CC8623BE2850EA0B00529927 /* ios_test_appUITests.swift in Sources */ = {isa = PBXBuildFile; fileRef = CC8623BD2850EA0B00529927 /* ios_test_appUITests.swift */; };
		CC8623C02850EA0B00529927 /* ios_test_appUITestsLaunchTests.swift in Sources */ = {isa = PBXBuildFile; fileRef = CC8623BF2850EA0B00529927 /* ios_test_appUITestsLaunchTests.swift */; };
/* End PBXBuildFile section */

/* Begin PBXContainerItemProxy section */
		CC8623B02850EA0B00529927 /* PBXContainerItemProxy */ = {
			isa = PBXContainerItemProxy;
			containerPortal = CC8623972850EA0900529927 /* Project object */;
			proxyType = 1;
			remoteGlobalIDString = CC86239E2850EA0900529927;
			remoteInfo = "ios-test-app";
		};
		CC8623BA2850EA0B00529927 /* PBXContainerItemProxy */ = {
			isa = PBXContainerItemProxy;
			containerPortal = CC8623972850EA0900529927 /* Project object */;
			proxyType = 1;
			remoteGlobalIDString = CC86239E2850EA0900529927;
			remoteInfo = "ios-test-app";
		};
/* End PBXContainerItemProxy section */

/* Begin PBXFileReference section */
		CC86239F2850EA0900529927 /* ios-test-app.app */ = {isa = PBXFileReference; explicitFileType = wrapper.application; includeInIndex = 0; path = "ios-test-app.app"; sourceTree = BUILT_PRODUCTS_DIR; };
		CC8623A22850EA0900529927 /* ios_test_appApp.swift */ = {isa = PBXFileReference; lastKnownFileType = sourcecode.swift; path = ios_test_appApp.swift; sourceTree = "<group>"; };
		CC8623A42850EA0900529927 /* ContentView.swift */ = {isa = PBXFileReference; lastKnownFileType = sourcecode.swift; path = ContentView.swift; sourceTree = "<group>"; };
		CC8623A62850EA0B00529927 /* Assets.xcassets */ = {isa = PBXFileReference; lastKnownFileType = folder.assetcatalog; path = Assets.xcassets; sourceTree = "<group>"; };
		CC8623A92850EA0B00529927 /* Preview Assets.xcassets */ = {isa = PBXFileReference; lastKnownFileType = folder.assetcatalog; path = "Preview Assets.xcassets"; sourceTree = "<group>"; };
		CC8623AF2850EA0B00529927 /* ios-test-appTests.xctest */ = {isa = PBXFileReference; explicitFileType = wrapper.cfbundle; includeInIndex = 0; path = "ios-test-appTests.xctest"; sourceTree = BUILT_PRODUCTS_DIR; };
		CC8623B32850EA0B00529927 /* ios_test_appTests.swift */ = {isa = PBXFileReference; lastKnownFileType = sourcecode.swift; path = ios_test_appTests.swift; sourceTree = "<group>"; };
		CC8623B92850EA0B00529927 /* ios-test-appUITests.xctest */ = {isa = PBXFileReference; explicitFileType = wrapper.cfbundle; includeInIndex = 0; path = "ios-test-appUITests.xctest"; sourceTree = BUILT_PRODUCTS_DIR; };
		CC8623BD2850EA0B00529927 /* ios_test_appUITests.swift */ = {isa = PBXFileReference; lastKnownFileType = sourcecode.swift; path = ios_test_appUITests.swift; sourceTree = "<group>"; };
		CC8623BF2850EA0B00529927 /* ios_test_appUITestsLaunchTests.swift */ = {isa = PBXFileReference; lastKnownFileType = sourcecode.swift; path = ios_test_appUITestsLaunchTests.swift; sourceTree = "<group>"; };
/* End PBXFileReference section */

/* Begin PBXFrameworksBuildPhase section */
		CC86239C2850EA0900529927 /* Frameworks */ = {
			isa = PBXFrameworksBuildPhase;
			buildActionMask = 2147483647;
			files = (
			);
			runOnlyForDeploymentPostprocessing = 0;
		};
		CC8623AC2850EA0B00529927 /* Frameworks */ = {
			isa = PBXFrameworksBuildPhase;
			buildActionMask = 2147483647;
			files = (
			);
			runOnlyForDeploymentPostprocessing = 0;
		};
		CC8623B62850EA0B00529927 /* Frameworks */ = {
			isa = PBXFrameworksBuildPhase;
			buildActionMask = 2147483647;
			files = (
			);
			runOnlyForDeploymentPostprocessing = 0;
		};
/* End PBXFrameworksBuildPhase section */

/* Begin PBXGroup section */
		CC8623962850EA0900529927 = {
			isa = PBXGroup;
			children = (
				CC8623A12850EA0900529927 /* ios-test-app */,
				CC8623B22850EA0B00529927 /* ios-test-appTests */,
				CC8623BC2850EA0B00529927 /* ios-test-appUITests */,
				CC8623A02850EA0900529927 /* Products */,
			);
			sourceTree = "<group>";
		};
		CC8623A02850EA0900529927 /* Products */ = {
			isa = PBXGroup;
			children = (
				CC86239F2850EA0900529927 /* ios-test-app.app */,
				CC8623AF2850EA0B00529927 /* ios-test-appTests.xctest */,
				CC8623B92850EA0B00529927 /* ios-test-appUITests.xctest */,
			);
			name = Products;
			sourceTree = "<group>";
		};
		CC8623A12850EA0900529927 /* ios-test-app */ = {
			isa = PBXGroup;
			children = (
				CC8623A22850EA0900529927 /* ios_test_appApp.swift */,
				CC8623A42850EA0900529927 /* ContentView.swift */,
				CC8623A62850EA0B00529927 /* Assets.xcassets */,
				CC8623A82850EA0B00529927 /* Preview Content */,
			);
			path = "ios-test-app";
			sourceTree = "<group>";
		};
		CC8623A82850EA0B00529927 /* Preview Content */ = {
			isa = PBXGroup;
			children = (
				CC8623A92850EA0B00529927 /* Preview Assets.xcassets */,
			);
			path = "Preview Content";
			sourceTree = "<group>";
		};
		CC8623B22850EA0B00529927 /* ios-test-appTests */ = {
			isa = PBXGroup;
			children = (
				CC8623B32850EA0B00529927 /* ios_test_appTests.swift */,
			);
			path = "ios-test-appTests";
			sourceTree = "<group>";
		};
		CC8623BC2850EA0B00529927 /* ios-test-appUITests */ = {
			isa = PBXGroup;
			children = (
				CC8623BD2850EA0B00529927 /* ios_test_appUITests.swift */,
				CC8623BF2850EA0B00529927 /* ios_test_appUITestsLaunchTests.swift */,
			);
			path = "ios-test-appUITests";
			sourceTree = "<group>";
		};
/* End PBXGroup section */

/* Begin PBXNativeTarget section */
		CC86239E2850EA0900529927 /* ios-test-app */ = {
			isa = PBXNativeTarget;
			buildConfigurationList = CC8623C32850EA0B00529927 /* Build configuration list for PBXNativeTarget "ios-test-app" */;
			buildPhases = (
				CC86239B2850EA0900529927 /* Sources */,
				CC86239C2850EA0900529927 /* Frameworks */,
				CC86239D2850EA0900529927 /* Resources */,
			);
			buildRules = (
			);
			dependencies = (
			);
			name = "ios-test-app";
			productName = "ios-test-app";
			productReference = CC86239F2850EA0900529927 /* ios-test-app.app */;
			productType = "com.apple.product-type.application";
		};
		CC8623AE2850EA0B00529927 /* ios-test-appTests */ = {
			isa = PBXNativeTarget;
			buildConfigurationList = CC8623C62850EA0B00529927 /* Build configuration list for PBXNativeTarget "ios-test-appTests" */;
			buildPhases = (
				CC8623AB2850EA0B00529927 /* Sources */,
				CC8623AC2850EA0B00529927 /* Frameworks */,
				CC8623AD2850EA0B00529927 /* Resources */,
			);
			buildRules = (
			);
			dependencies = (
				CC8623B12850EA0B00529927 /* PBXTargetDependency */,
			);
			name = "ios-test-appTests";
			productName = "ios-test-appTests";
			productReference = CC8623AF2850EA0B00529927 /* ios-test-appTests.xctest */;
			productType = "com.apple.product-type.bundle.unit-test";
		};
		CC8623B82850EA0B00529927 /* ios-test-appUITests */ = {
			isa = PBXNativeTarget;
			buildConfigurationList = CC8623C92850EA0B00529927 /* Build configuration list for PBXNativeTarget "ios-test-appUITests" */;
			buildPhases = (
				CC8623B52850EA0B00529927 /* Sources */,
				CC8623B62850EA0B00529927 /* Frameworks */,
				CC8623B72850EA0B00529927 /* Resources */,
			);
			buildRules = (
			);
			dependencies = (
				CC8623BB2850EA0B00529927 /* PBXTargetDependency */,
			);
			name = "ios-test-appUITests";
			productName = "ios-test-appUITests";
			productReference = CC8623B92850EA0B00529927 /* ios-test-appUITests.xctest */;
			productType = "com.apple.product-type.bundle.ui-testing";
		};
/* End PBXNativeTarget section */

/* Begin PBXProject section */
		CC8623972850EA0900529927 /* Project object */ = {
			isa = PBXProject;
			attributes = {
				BuildIndependentTargetsInParallel = 1;
				LastSwiftUpdateCheck = 1340;
				LastUpgradeCheck = 1340;
				TargetAttributes = {
					CC86239E2850EA0900529927 = {
						CreatedOnToolsVersion = 13.4.1;
					};
					CC8623AE2850EA0B00529927 = {
						CreatedOnToolsVersion = 13.4.1;
						TestTargetID = CC86239E2850EA0900529927;
					};
					CC8623B82850EA0B00529927 = {
						CreatedOnToolsVersion = 13.4.1;
						TestTargetID = CC86239E2850EA0900529927;
					};
				};
			};
			buildConfigurationList = CC86239A2850EA0900529927 /* Build configuration list for PBXProject "ios-test-app" */;
			compatibilityVersion = "Xcode 13.0";
			developmentRegion = en;
			hasScannedForEncodings = 0;
			knownRegions = (
				en,
				Base,
			);
			mainGroup = CC8623962850EA0900529927;
			productRefGroup = CC8623A02850EA0900529927 /* Products */;
			projectDirPath = "";
			projectRoot = "";
			targets = (
				CC86239E2850EA0900529927 /* ios-test-app */,
				CC8623AE2850EA0B00529927 /* ios-test-appTests */,
				CC8623B82850EA0B00529927 /* ios-test-appUITests */,
			);
		};
/* End PBXProject section */

/* Begin PBXResourcesBuildPhase section */
		CC86239D2850EA0900529927 /* Resources */ = {
			isa = PBXResourcesBuildPhase;
			buildActionMask = 2147483647;
			files = (
				CC8623AA2850EA0B00529927 /* Preview Assets.xcassets in Resources */,
				CC8623A72850EA0B00529927 /* Assets.xcassets in Resources */,
			);
			runOnlyForDeploymentPostprocessing = 0;
		};
		CC8623AD2850EA0B00529927 /* Resources */ = {
			isa = PBXResourcesBuildPhase;
			buildActionMask = 2147483647;
			files = (
			);
			runOnlyForDeploymentPostprocessing = 0;
		};
		CC8623B72850EA0B00529927 /* Resources */ = {
			isa = PBXResourcesBuildPhase;
			buildActionMask = 2147483647;
			files = (
			);
			runOnlyForDeploymentPostprocessing = 0;
		};
/* End PBXResourcesBuildPhase section */

/* Begin PBXSourcesBuildPhase section */
		CC86239B2850EA0900529927 /* Sources */ = {
			isa = PBXSourcesBuildPhase;
			buildActionMask = 2147483647;
			files = (
				CC8623A52850EA0900529927 /* ContentView.swift in Sources */,
				CC8623A32850EA0900529927 /* ios_test_appApp.swift in Sources */,
			);
			runOnlyForDeploymentPostprocessing = 0;
		};
		CC8623AB2850EA0B00529927 /* Sources */ = {
			isa = PBXSourcesBuildPhase;
			buildActionMask = 2147483647;
			files = (
				CC8623B42850EA0B00529927 /* ios_test_appTests.swift in Sources */,
			);
			runOnlyForDeploymentPostprocessing = 0;
		};
		CC8623B52850EA0B00529927 /* Sources */ = {
			isa = PBXSourcesBuildPhase;
			buildActionMask = 2147483647;
			files = (
				CC8623C02850EA0B00529927 /* ios_test_appUITestsLaunchTests.swift in Sources */,
				CC8623BE2850EA0B00529927 /* ios_test_appUITests.swift in Sources */,
			);
			runOnlyForDeploymentPostprocessing = 0;
		};
/* End PBXSourcesBuildPhase section */

/* Begin PBXTargetDependency section */
		CC8623B12850EA0B00529927 /* PBXTargetDependency */ = {
			isa = PBXTargetDependency;
			target = CC86239E2850EA0900529927 /* ios-test-app */;
			targetProxy = CC8623B02850EA0B00529927 /* PBXContainerItemProxy */;
		};
		CC8623BB2850EA0B00529927 /* PBXTargetDependency */ = {
			isa = PBXTargetDependency;
			target = CC86239E2850EA0900529927 /* ios-test-app */;
			targetProxy = CC8623BA2850EA0B00529927 /* PBXContainerItemProxy */;
		};
/* End PBXTargetDependency section */

/* Begin XCBuildConfiguration section */
		CC8623C12850EA0B00529927 /* Debug */ = {
			isa = XCBuildConfiguration;
			buildSettings = {
				ALWAYS_SEARCH_USER_PATHS = NO;
				CLANG_ANALYZER_NONNULL = YES;
				CLANG_ANALYZER_NUMBER_OBJECT_CONVERSION = YES_AGGRESSIVE;
				CLANG_CXX_LANGUAGE_STANDARD = "gnu++17";
				CLANG_ENABLE_MODULES = YES;
				CLANG_ENABLE_OBJC_ARC = YES;
				CLANG_ENABLE_OBJC_WEAK = YES;
				CLANG_WARN_BLOCK_CAPTURE_AUTORELEASING = YES;
				CLANG_WARN_BOOL_CONVERSION = YES;
				CLANG_WARN_COMMA = YES;
				CLANG_WARN_CONSTANT_CONVERSION = YES;
				CLANG_WARN_DEPRECATED_OBJC_IMPLEMENTATIONS = YES;
				CLANG_WARN_DIRECT_OBJC_ISA_USAGE = YES_ERROR;
				CLANG_WARN_DOCUMENTATION_COMMENTS = YES;
				CLANG_WARN_EMPTY_BODY = YES;
				CLANG_WARN_ENUM_CONVERSION = YES;
				CLANG_WARN_INFINITE_RECURSION = YES;
				CLANG_WARN_INT_CONVERSION = YES;
				CLANG_WARN_NON_LITERAL_NULL_CONVERSION = YES;
				CLANG_WARN_OBJC_IMPLICIT_RETAIN_SELF = YES;
				CLANG_WARN_OBJC_LITERAL_CONVERSION = YES;
				CLANG_WARN_OBJC_ROOT_CLASS = YES_ERROR;
				CLANG_WARN_QUOTED_INCLUDE_IN_FRAMEWORK_HEADER = YES;
				CLANG_WARN_RANGE_LOOP_ANALYSIS = YES;
				CLANG_WARN_STRICT_PROTOTYPES = YES;
				CLANG_WARN_SUSPICIOUS_MOVE = YES;
				CLANG_WARN_UNGUARDED_AVAILABILITY = YES_AGGRESSIVE;
				CLANG_WARN_UNREACHABLE_CODE = YES;
				CLANG_WARN__DUPLICATE_METHOD_MATCH = YES;
				COPY_PHASE_STRIP = NO;
				DEBUG_INFORMATION_FORMAT = dwarf;
				ENABLE_STRICT_OBJC_MSGSEND = YES;
				ENABLE_TESTABILITY = YES;
				GCC_C_LANGUAGE_STANDARD = gnu11;
				GCC_DYNAMIC_NO_PIC = NO;
				GCC_NO_COMMON_BLOCKS = YES;
				GCC_OPTIMIZATION_LEVEL = 0;
				GCC_PREPROCESSOR_DEFINITIONS = (
					"DEBUG=1",
					"$(inherited)",
				);
				GCC_WARN_64_TO_32_BIT_CONVERSION = YES;
				GCC_WARN_ABOUT_RETURN_TYPE = YES_ERROR;
				GCC_WARN_UNDECLARED_SELECTOR = YES;
				GCC_WARN_UNINITIALIZED_AUTOS = YES_AGGRESSIVE;
				GCC_WARN_UNUSED_FUNCTION = YES;
				GCC_WARN_UNUSED_VARIABLE = YES;
				IPHONEOS_DEPLOYMENT_TARGET = 15.5;
				MTL_ENABLE_DEBUG_INFO = INCLUDE_SOURCE;
				MTL_FAST_MATH = YES;
				ONLY_ACTIVE_ARCH = YES;
				SDKROOT = iphoneos;
				SWIFT_ACTIVE_COMPILATION_CONDITIONS = DEBUG;
				SWIFT_OPTIMIZATION_LEVEL = "-Onone";
			};
			name = Debug;
		};
		CC8623C22850EA0B00529927 /* Release */ = {
			isa = XCBuildConfiguration;
			buildSettings = {
				ALWAYS_SEARCH_USER_PATHS = NO;
				CLANG_ANALYZER_NONNULL = YES;
				CLANG_ANALYZER_NUMBER_OBJECT_CONVERSION = YES_AGGRESSIVE;
				CLANG_CXX_LANGUAGE_STANDARD = "gnu++17";
				CLANG_ENABLE_MODULES = YES;
				CLANG_ENABLE_OBJC_ARC = YES;
				CLANG_ENABLE_OBJC_WEAK = YES;
				CLANG_WARN_BLOCK_CAPTURE_AUTORELEASING = YES;
				CLANG_WARN_BOOL_CONVERSION = YES;
				CLANG_WARN_COMMA = YES;
				CLANG_WARN_CONSTANT_CONVERSION = YES;
				CLANG_WARN_DEPRECATED_OBJC_IMPLEMENTATIONS = YES;
				CLANG_WARN_DIRECT_OBJC_ISA_USAGE = YES_ERROR;
				CLANG_WARN_DOCUMENTATION_COMMENTS = YES;
				CLANG_WARN_EMPTY_BODY = YES;
				CLANG_WARN_ENUM_CONVERSION = YES;
				CLANG_WARN_INFINITE_RECURSION = YES;
				CLANG_WARN_INT_CONVERSION = YES;
				CLANG_WARN_NON_LITERAL_NULL_CONVERSION = YES;
				CLANG_WARN_OBJC_IMPLICIT_RETAIN_SELF = YES;
				CLANG_WARN_OBJC_LITERAL_CONVERSION = YES;
				CLANG_WARN_OBJC_ROOT_CLASS = YES_ERROR;
				CLANG_WARN_QUOTED_INCLUDE_IN_FRAMEWORK_HEADER = YES;
				CLANG_WARN_RANGE_LOOP_ANALYSIS = YES;
				CLANG_WARN_STRICT_PROTOTYPES = YES;
				CLANG_WARN_SUSPICIOUS_MOVE = YES;
				CLANG_WARN_UNGUARDED_AVAILABILITY = YES_AGGRESSIVE;
				CLANG_WARN_UNREACHABLE_CODE = YES;
				CLANG_WARN__DUPLICATE_METHOD_MATCH = YES;
				COPY_PHASE_STRIP = NO;
				DEBUG_INFORMATION_FORMAT = "dwarf-with-dsym";
				ENABLE_NS_ASSERTIONS = NO;
				ENABLE_STRICT_OBJC_MSGSEND = YES;
				GCC_C_LANGUAGE_STANDARD = gnu11;
				GCC_NO_COMMON_BLOCKS = YES;
				GCC_WARN_64_TO_32_BIT_CONVERSION = YES;
				GCC_WARN_ABOUT_RETURN_TYPE = YES_ERROR;
				GCC_WARN_UNDECLARED_SELECTOR = YES;
				GCC_WARN_UNINITIALIZED_AUTOS = YES_AGGRESSIVE;
				GCC_WARN_UNUSED_FUNCTION = YES;
				GCC_WARN_UNUSED_VARIABLE = YES;
				IPHONEOS_DEPLOYMENT_TARGET = 15.5;
				MTL_ENABLE_DEBUG_INFO = NO;
				MTL_FAST_MATH = YES;
				SDKROOT = iphoneos;
				SWIFT_COMPILATION_MODE = wholemodule;
				SWIFT_OPTIMIZATION_LEVEL = "-O";
				VALIDATE_PRODUCT = YES;
			};
			name = Release;
		};
		CC8623C42850EA0B00529927 /* Debug */ = {
			isa = XCBuildConfiguration;
			buildSettings = {
				ASSETCATALOG_COMPILER_APPICON_NAME = AppIcon;
				ASSETCATALOG_COMPILER_GLOBAL_ACCENT_COLOR_NAME = AccentColor;
				CODE_SIGN_IDENTITY = "Apple Development";
				CODE_SIGN_STYLE = Automatic;
				CURRENT_PROJECT_VERSION = 1;
				DEVELOPMENT_ASSET_PATHS = "\"ios-test-app/Preview Content\"";
				DEVELOPMENT_TEAM = LA8U67486V;
				ENABLE_PREVIEWS = YES;
				GENERATE_INFOPLIST_FILE = YES;
				INFOPLIST_KEY_UIApplicationSceneManifest_Generation = YES;
				INFOPLIST_KEY_UIApplicationSupportsIndirectInputEvents = YES;
				INFOPLIST_KEY_UILaunchScreen_Generation = YES;
				INFOPLIST_KEY_UISupportedInterfaceOrientations_iPad = "UIInterfaceOrientationPortrait UIInterfaceOrientationPortraitUpsideDown UIInterfaceOrientationLandscapeLeft UIInterfaceOrientationLandscapeRight";
				INFOPLIST_KEY_UISupportedInterfaceOrientations_iPhone = "UIInterfaceOrientationPortrait UIInterfaceOrientationLandscapeLeft UIInterfaceOrientationLandscapeRight";
				LD_RUNPATH_SEARCH_PATHS = (
					"$(inherited)",
					"@executable_path/Frameworks",
				);
				MARKETING_VERSION = 1.0;
				PRODUCT_BUNDLE_IDENTIFIER = "com.test.ios-test-app";
				PRODUCT_NAME = "$(TARGET_NAME)";
				PROVISIONING_PROFILE_SPECIFIER = "";
				SWIFT_EMIT_LOC_STRINGS = YES;
				SWIFT_VERSION = 5.0;
				TARGETED_DEVICE_FAMILY = "1,2";
			};
			name = Debug;
		};
		CC8623C52850EA0B00529927 /* Release */ = {
			isa = XCBuildConfiguration;
			buildSettings = {
				ASSETCATALOG_COMPILER_APPICON_NAME = AppIcon;
				ASSETCATALOG_COMPILER_GLOBAL_ACCENT_COLOR_NAME = AccentColor;
				CODE_SIGN_IDENTITY = "Apple Development";
				CODE_SIGN_STYLE = Automatic;
				CURRENT_PROJECT_VERSION = 1;
				DEVELOPMENT_ASSET_PATHS = "\"ios-test-app/Preview Content\"";
				DEVELOPMENT_TEAM = LA8U67486V;
				ENABLE_PREVIEWS = YES;
				GENERATE_INFOPLIST_FILE = YES;
				INFOPLIST_KEY_UIApplicationSceneManifest_Generation = YES;
				INFOPLIST_KEY_UIApplicationSupportsIndirectInputEvents = YES;
				INFOPLIST_KEY_UILaunchScreen_Generation = YES;
				INFOPLIST_KEY_UISupportedInterfaceOrientations_iPad = "UIInterfaceOrientationPortrait UIInterfaceOrientationPortraitUpsideDown UIInterfaceOrientationLandscapeLeft UIInterfaceOrientationLandscapeRight";
				INFOPLIST_KEY_UISupportedInterfaceOrientations_iPhone = "UIInterfaceOrientationPortrait UIInterfaceOrientationLandscapeLeft UIInterfaceOrientationLandscapeRight";
				LD_RUNPATH_SEARCH_PATHS = (
					"$(inherited)",
					"@executable_path/Frameworks",
				);
				MARKETING_VERSION = 1.0;
				PRODUCT_BUNDLE_IDENTIFIER = "com.test.ios-test-app";
				PRODUCT_NAME = "$(TARGET_NAME)";
				PROVISIONING_PROFILE_SPECIFIER = "";
				SWIFT_EMIT_LOC_STRINGS = YES;
				SWIFT_VERSION = 5.0;
				TARGETED_DEVICE_FAMILY = "1,2";
			};
			name = Release;
		};
		CC8623C72850EA0B00529927 /* Debug */ = {
			isa = XCBuildConfiguration;
			buildSettings = {
				ALWAYS_EMBED_SWIFT_STANDARD_LIBRARIES = YES;
				BUNDLE_LOADER = "$(TEST_HOST)";
				CODE_SIGN_STYLE = Automatic;
				CURRENT_PROJECT_VERSION = 1;
				GENERATE_INFOPLIST_FILE = YES;
				IPHONEOS_DEPLOYMENT_TARGET = 15.5;
				MARKETING_VERSION = 1.0;
				PRODUCT_BUNDLE_IDENTIFIER = "com.test.ios-test-appTests";
				PRODUCT_NAME = "$(TARGET_NAME)";
				SWIFT_EMIT_LOC_STRINGS = NO;
				SWIFT_VERSION = 5.0;
				TARGETED_DEVICE_FAMILY = "1,2";
				TEST_HOST = "$(BUILT_PRODUCTS_DIR)/ios-test-app.app/ios-test-app";
			};
			name = Debug;
		};
		CC8623C82850EA0B00529927 /* Release */ = {
			isa = XCBuildConfiguration;
			buildSettings = {
				ALWAYS_EMBED_SWIFT_STANDARD_LIBRARIES = YES;
				BUNDLE_LOADER = "$(TEST_HOST)";
				CODE_SIGN_STYLE = Automatic;
				CURRENT_PROJECT_VERSION = 1;
				GENERATE_INFOPLIST_FILE = YES;
				IPHONEOS_DEPLOYMENT_TARGET = 15.5;
				MARKETING_VERSION = 1.0;
				PRODUCT_BUNDLE_IDENTIFIER = "com.test.ios-test-appTests";
				PRODUCT_NAME = "$(TARGET_NAME)";
				SWIFT_EMIT_LOC_STRINGS = NO;
				SWIFT_VERSION = 5.0;
				TARGETED_DEVICE_FAMILY = "1,2";
				TEST_HOST = "$(BUILT_PRODUCTS_DIR)/ios-test-app.app/ios-test-app";
			};
			name = Release;
		};
		CC8623CA2850EA0B00529927 /* Debug */ = {
			isa = XCBuildConfiguration;
			buildSettings = {
				ALWAYS_EMBED_SWIFT_STANDARD_LIBRARIES = YES;
				CODE_SIGN_STYLE = Automatic;
				CURRENT_PROJECT_VERSION = 1;
				GENERATE_INFOPLIST_FILE = YES;
				MARKETING_VERSION = 1.0;
				PRODUCT_BUNDLE_IDENTIFIER = "com.test.ios-test-appUITests";
				PRODUCT_NAME = "$(TARGET_NAME)";
				SWIFT_EMIT_LOC_STRINGS = NO;
				SWIFT_VERSION = 5.0;
				TARGETED_DEVICE_FAMILY = "1,2";
				TEST_TARGET_NAME = "ios-test-app";
			};
			name = Debug;
		};
		CC8623CB2850EA0B00529927 /* Release */ = {
			isa = XCBuildConfiguration;
			buildSettings = {
				ALWAYS_EMBED_SWIFT_STANDARD_LIBRARIES = YES;
				CODE_SIGN_STYLE = Automatic;
				CURRENT_PROJECT_VERSION = 1;
				GENERATE_INFOPLIST_FILE = YES;
				MARKETING_VERSION = 1.0;
				PRODUCT_BUNDLE_IDENTIFIER = "com.test.ios-test-appUITests";
				PRODUCT_NAME = "$(TARGET_NAME)";
				SWIFT_EMIT_LOC_STRINGS = NO;
				SWIFT_VERSION = 5.0;
				TARGETED_DEVICE_FAMILY = "1,2";
				TEST_TARGET_NAME = "ios-test-app";
			};
			name = Release;
		};
/* End XCBuildConfiguration section */

/* Begin XCConfigurationList section */
		CC86239A2850EA0900529927 /* Build configuration list for PBXProject "ios-test-app" */ = {
			isa = XCConfigurationList;
			buildConfigurations = (
				CC8623C12850EA0B00529927 /* Debug */,
				CC8623C22850EA0B00529927 /* Release */,
			);
			defaultConfigurationIsVisible = 0;
			defaultConfigurationName = Release;
		};
		CC8623C32850EA0B00529927 /* Build configuration list for PBXNativeTarget "ios-test-app" */ = {
			isa = XCConfigurationList;
			buildConfigurations = (
				CC8623C42850EA0B00529927 /* Debug */,
				CC8623C52850EA0B00529927 /* Release */,
			);
			defaultConfigurationIsVisible = 0;
			defaultConfigurationName = Release;
		};
		CC8623C62850EA0B00529927 /* Build configuration list for PBXNativeTarget "ios-test-appTests" */ = {
			isa = XCConfigurationList;
			buildConfigurations = (
				CC8623C72850EA0B00529927 /* Debug */,
				CC8623C82850EA0B00529927 /* Release */,
			);
			defaultConfigurationIsVisible = 0;
			defaultConfigurationName = Release;
		};
		CC8623C92850EA0B00529927 /* Build configuration list for PBXNativeTarget "ios-test-appUITests" */ = {
			isa = XCConfigurationList;
			buildConfigurations = (
				CC8623CA2850EA0B00529927 /* Debug */,
				CC8623CB2850EA0B00529927 /* Release */,
			);
			defaultConfigurationIsVisible = 0;
			defaultConfigurationName = Release;
		};
/* End XCConfigurationList section */
	};
	rootObject = CC8623972850EA0900529927 /* Project object */;
}
